
Microsoft Visual Studio Solution File, Format Version 12.00
# Visual Studio Version 17
VisualStudioVersion = 17.5.002.0
MinimumVisualStudioVersion = 10.0.40219.1
Project("{FAE04EC0-301F-11D3-BF4B-00C04F79EFBC}") = "Api8", "Api8\Api8.csproj", "{9B1B0CE7-1A40-4187-84BD-B8842DC0B77D}"
EndProject
Project("{FAE04EC0-301F-11D3-BF4B-00C04F79EFBC}") = "HostingStartupLibrary", "HostingStartupLibrary\HostingStartupLibrary.csproj", "{470A97F8-3CAC-4F28-8B17-9B0EF269CEC0}"
EndProject
Project("{FAE04EC0-301F-11D3-BF4B-00C04F79EFBC}") = "HostingStartupApi", "HostingStartupApi\HostingStartupApi.csproj", "{0FB373DD-AEFE-4030-A00A-B29DAC5490A6}"
EndProject
Global
	GlobalSection(SolutionProperties) = preSolution
		HideSolutionNode = FALSE
	EndGlobalSection
	GlobalSection(ExtensibilityGlobals) = postSolution
		SolutionGuid = {99A27E2E-03F9-47F8-AAFB-7C34E558CB5D}
	EndGlobalSection
	GlobalSection(SolutionConfigurationPlatforms) = preSolution
		Debug|Any CPU = Debug|Any CPU
		Debug|x64 = Debug|x64
		Debug|x86 = Debug|x86
		Release|Any CPU = Release|Any CPU
		Release|x64 = Release|x64
		Release|x86 = Release|x86
	EndGlobalSection
	GlobalSection(ProjectConfigurationPlatforms) = postSolution
		{9B1B0CE7-1A40-4187-84BD-B8842DC0B77D}.Debug|Any CPU.ActiveCfg = Debug|Any CPU
		{9B1B0CE7-1A40-4187-84BD-B8842DC0B77D}.Debug|Any CPU.Build.0 = Debug|Any CPU
		{9B1B0CE7-1A40-4187-84BD-B8842DC0B77D}.Debug|x64.ActiveCfg = Debug|Any CPU
		{9B1B0CE7-1A40-4187-84BD-B8842DC0B77D}.Debug|x64.Build.0 = Debug|Any CPU
		{9B1B0CE7-1A40-4187-84BD-B8842DC0B77D}.Debug|x86.ActiveCfg = Debug|Any CPU
		{9B1B0CE7-1A40-4187-84BD-B8842DC0B77D}.Debug|x86.Build.0 = Debug|Any CPU
		{9B1B0CE7-1A40-4187-84BD-B8842DC0B77D}.Release|Any CPU.ActiveCfg = Release|Any CPU
		{9B1B0CE7-1A40-4187-84BD-B8842DC0B77D}.Release|Any CPU.Build.0 = Release|Any CPU
		{9B1B0CE7-1A40-4187-84BD-B8842DC0B77D}.Release|x64.ActiveCfg = Release|Any CPU
		{9B1B0CE7-1A40-4187-84BD-B8842DC0B77D}.Release|x64.Build.0 = Release|Any CPU
		{9B1B0CE7-1A40-4187-84BD-B8842DC0B77D}.Release|x86.ActiveCfg = Release|Any CPU
		{9B1B0CE7-1A40-4187-84BD-B8842DC0B77D}.Release|x86.Build.0 = Release|Any CPU
		{470A97F8-3CAC-4F28-8B17-9B0EF269CEC0}.Debug|Any CPU.ActiveCfg = Debug|Any CPU
		{470A97F8-3CAC-4F28-8B17-9B0EF269CEC0}.Debug|Any CPU.Build.0 = Debug|Any CPU
		{470A97F8-3CAC-4F28-8B17-9B0EF269CEC0}.Debug|x64.ActiveCfg = Debug|Any CPU
		{470A97F8-3CAC-4F28-8B17-9B0EF269CEC0}.Debug|x64.Build.0 = Debug|Any CPU
		{470A97F8-3CAC-4F28-8B17-9B0EF269CEC0}.Debug|x86.ActiveCfg = Debug|Any CPU
		{470A97F8-3CAC-4F28-8B17-9B0EF269CEC0}.Debug|x86.Build.0 = Debug|Any CPU
		{470A97F8-3CAC-4F28-8B17-9B0EF269CEC0}.Release|Any CPU.ActiveCfg = Release|Any CPU
		{470A97F8-3CAC-4F28-8B17-9B0EF269CEC0}.Release|Any CPU.Build.0 = Release|Any CPU
		{470A97F8-3CAC-4F28-8B17-9B0EF269CEC0}.Release|x64.ActiveCfg = Release|Any CPU
		{470A97F8-3CAC-4F28-8B17-9B0EF269CEC0}.Release|x64.Build.0 = Release|Any CPU
		{470A97F8-3CAC-4F28-8B17-9B0EF269CEC0}.Release|x86.ActiveCfg = Release|Any CPU
		{470A97F8-3CAC-4F28-8B17-9B0EF269CEC0}.Release|x86.Build.0 = Release|Any CPU
		{0FB373DD-AEFE-4030-A00A-B29DAC5490A6}.Debug|Any CPU.ActiveCfg = Debug|Any CPU
		{0FB373DD-AEFE-4030-A00A-B29DAC5490A6}.Debug|Any CPU.Build.0 = Debug|Any CPU
		{0FB373DD-AEFE-4030-A00A-B29DAC5490A6}.Debug|x64.ActiveCfg = Debug|Any CPU
		{0FB373DD-AEFE-4030-A00A-B29DAC5490A6}.Debug|x64.Build.0 = Debug|Any CPU
		{0FB373DD-AEFE-4030-A00A-B29DAC5490A6}.Debug|x86.ActiveCfg = Debug|Any CPU
		{0FB373DD-AEFE-4030-A00A-B29DAC5490A6}.Debug|x86.Build.0 = Debug|Any CPU
		{0FB373DD-AEFE-4030-A00A-B29DAC5490A6}.Release|Any CPU.ActiveCfg = Release|Any CPU
		{0FB373DD-AEFE-4030-A00A-B29DAC5490A6}.Release|Any CPU.Build.0 = Release|Any CPU
		{0FB373DD-AEFE-4030-A00A-B29DAC5490A6}.Release|x64.ActiveCfg = Release|Any CPU
		{0FB373DD-AEFE-4030-A00A-B29DAC5490A6}.Release|x64.Build.0 = Release|Any CPU
		{0FB373DD-AEFE-4030-A00A-B29DAC5490A6}.Release|x86.ActiveCfg = Release|Any CPU
		{0FB373DD-AEFE-4030-A00A-B29DAC5490A6}.Release|x86.Build.0 = Release|Any CPU
		{0A7A8B65-F99A-4906-A2F6-99BF234B18D0}.Debug|Any CPU.ActiveCfg = Debug|Any CPU
		{0A7A8B65-F99A-4906-A2F6-99BF234B18D0}.Debug|Any CPU.Build.0 = Debug|Any CPU
		{0A7A8B65-F99A-4906-A2F6-99BF234B18D0}.Debug|x64.ActiveCfg = Debug|Any CPU
		{0A7A8B65-F99A-4906-A2F6-99BF234B18D0}.Debug|x64.Build.0 = Debug|Any CPU
		{0A7A8B65-F99A-4906-A2F6-99BF234B18D0}.Debug|x86.ActiveCfg = Debug|Any CPU
		{0A7A8B65-F99A-4906-A2F6-99BF234B18D0}.Debug|x86.Build.0 = Debug|Any CPU
		{0A7A8B65-F99A-4906-A2F6-99BF234B18D0}.Release|Any CPU.ActiveCfg = Release|Any CPU
		{0A7A8B65-F99A-4906-A2F6-99BF234B18D0}.Release|Any CPU.Build.0 = Release|Any CPU
		{0A7A8B65-F99A-4906-A2F6-99BF234B18D0}.Release|x64.ActiveCfg = Release|Any CPU
		{0A7A8B65-F99A-4906-A2F6-99BF234B18D0}.Release|x64.Build.0 = Release|Any CPU
		{0A7A8B65-F99A-4906-A2F6-99BF234B18D0}.Release|x86.ActiveCfg = Release|Any CPU
		{0A7A8B65-F99A-4906-A2F6-99BF234B18D0}.Release|x86.Build.0 = Release|Any CPU
	EndGlobalSection
EndGlobal
